
Microsoft Visual Studio Solution File, Format Version 12.00
# Visual Studio Version 17
VisualStudioVersion = 17.14.37111.16 d17.14
MinimumVisualStudioVersion = 10.0.40219.1
Project("{FAE04EC0-301F-11D3-BF4B-00C04F79EFBC}") = "Lab3", "Lab3\Lab3.csproj", "{1102B58A-A05F-494D-B0B6-46A1C0EF1BA5}"
EndProject
Global
	GlobalSection(SolutionConfigurationPlatforms) = preSolution
		Debug|Any CPU = Debug|Any CPU
		Release|Any CPU = Release|Any CPU
	EndGlobalSection
	GlobalSection(ProjectConfigurationPlatforms) = postSolution
		{1102B58A-A05F-494D-B0B6-46A1C0EF1BA5}.Debug|Any CPU.ActiveCfg = Debug|Any CPU
		{1102B58A-A05F-494D-B0B6-46A1C0EF1BA5}.Debug|Any CPU.Build.0 = Debug|Any CPU
		{1102B58A-A05F-494D-B0B6-46A1C0EF1BA5}.Release|Any CPU.ActiveCfg = Release|Any CPU
		{1102B58A-A05F-494D-B0B6-46A1C0EF1BA5}.Release|Any CPU.Build.0 = Release|Any CPU
	EndGlobalSection
	GlobalSection(SolutionProperties) = preSolution
		HideSolutionNode = FALSE
	EndGlobalSection
	GlobalSection(ExtensibilityGlobals) = postSolution
		SolutionGuid = {3CAC5AA8-0900-4AE2-83BC-15C6604152BB}
	EndGlobalSection
EndGlobal
